
Microsoft Visual Studio Solution File, Format Version 12.00
# Visual Studio Version 16
VisualStudioVersion = 16.0.31624.102
MinimumVisualStudioVersion = 10.0.40219.1
Project("{9A19103F-16F7-4668-BE54-9A1E7A4F7556}") = "ApiBiblioteca", "ApiBiblioteca\ApiBiblioteca.csproj", "{B89AB3AF-EB50-4F77-BDD0-2EC98FF9AC0F}"
EndProject
Project("{2150E333-8FDC-42A3-9474-1A3956D46DE8}") = "WebApiServico", "WebApiServico", "{BC318F61-429F-4D3F-A3B8-BAE4C5C2938C}"
EndProject
Project("{2150E333-8FDC-42A3-9474-1A3956D46DE8}") = "Dominio", "Dominio", "{C0770207-A5C5-4952-807B-7345FA3A18DB}"
EndProject
Project("{2150E333-8FDC-42A3-9474-1A3956D46DE8}") = "Estrutura", "Estrutura", "{DE52625D-FB98-4117-83EA-9ADFA4246001}"
EndProject
Project("{9A19103F-16F7-4668-BE54-9A1E7A4F7556}") = "Biblioteca.Dominio", "Biblioteca.Dominio\Biblioteca.Dominio.csproj", "{93EE8D21-DF17-4E32-BFB7-9BEF2AFA4775}"
EndProject
Project("{9A19103F-16F7-4668-BE54-9A1E7A4F7556}") = "Biblioteca.Estrutura", "Biblioteca.Estrutura\Biblioteca.Estrutura.csproj", "{24E53363-7B2F-4D6A-BE93-A0C495979273}"
EndProject
Project("{2150E333-8FDC-42A3-9474-1A3956D46DE8}") = "Aplicacao", "Aplicacao", "{572BCF43-054D-40E8-AEDC-CCAE7A9CC01E}"
EndProject
Project("{FAE04EC0-301F-11D3-BF4B-00C04F79EFBC}") = "WebBiblioteca", "WebBiblioteca\WebBiblioteca.csproj", "{EC7403F0-D0FF-49F6-BFF1-29B77323E06B}"
EndProject
Global
	GlobalSection(SolutionConfigurationPlatforms) = preSolution
		Debug|Any CPU = Debug|Any CPU
		Release|Any CPU = Release|Any CPU
	EndGlobalSection
	GlobalSection(ProjectConfigurationPlatforms) = postSolution
		{B89AB3AF-EB50-4F77-BDD0-2EC98FF9AC0F}.Debug|Any CPU.ActiveCfg = Debug|Any CPU
		{B89AB3AF-EB50-4F77-BDD0-2EC98FF9AC0F}.Debug|Any CPU.Build.0 = Debug|Any CPU
		{B89AB3AF-EB50-4F77-BDD0-2EC98FF9AC0F}.Release|Any CPU.ActiveCfg = Release|Any CPU
		{B89AB3AF-EB50-4F77-BDD0-2EC98FF9AC0F}.Release|Any CPU.Build.0 = Release|Any CPU
		{93EE8D21-DF17-4E32-BFB7-9BEF2AFA4775}.Debug|Any CPU.ActiveCfg = Debug|Any CPU
		{93EE8D21-DF17-4E32-BFB7-9BEF2AFA4775}.Debug|Any CPU.Build.0 = Debug|Any CPU
		{93EE8D21-DF17-4E32-BFB7-9BEF2AFA4775}.Release|Any CPU.ActiveCfg = Release|Any CPU
		{93EE8D21-DF17-4E32-BFB7-9BEF2AFA4775}.Release|Any CPU.Build.0 = Release|Any CPU
		{24E53363-7B2F-4D6A-BE93-A0C495979273}.Debug|Any CPU.ActiveCfg = Debug|Any CPU
		{24E53363-7B2F-4D6A-BE93-A0C495979273}.Debug|Any CPU.Build.0 = Debug|Any CPU
		{24E53363-7B2F-4D6A-BE93-A0C495979273}.Release|Any CPU.ActiveCfg = Release|Any CPU
		{24E53363-7B2F-4D6A-BE93-A0C495979273}.Release|Any CPU.Build.0 = Release|Any CPU
		{EC7403F0-D0FF-49F6-BFF1-29B77323E06B}.Debug|Any CPU.ActiveCfg = Debug|Any CPU
		{EC7403F0-D0FF-49F6-BFF1-29B77323E06B}.Debug|Any CPU.Build.0 = Debug|Any CPU
		{EC7403F0-D0FF-49F6-BFF1-29B77323E06B}.Release|Any CPU.ActiveCfg = Release|Any CPU
		{EC7403F0-D0FF-49F6-BFF1-29B77323E06B}.Release|Any CPU.Build.0 = Release|Any CPU
	EndGlobalSection
	GlobalSection(SolutionProperties) = preSolution
		HideSolutionNode = FALSE
	EndGlobalSection
	GlobalSection(NestedProjects) = preSolution
		{B89AB3AF-EB50-4F77-BDD0-2EC98FF9AC0F} = {BC318F61-429F-4D3F-A3B8-BAE4C5C2938C}
		{93EE8D21-DF17-4E32-BFB7-9BEF2AFA4775} = {C0770207-A5C5-4952-807B-7345FA3A18DB}
		{24E53363-7B2F-4D6A-BE93-A0C495979273} = {DE52625D-FB98-4117-83EA-9ADFA4246001}
		{EC7403F0-D0FF-49F6-BFF1-29B77323E06B} = {572BCF43-054D-40E8-AEDC-CCAE7A9CC01E}
	EndGlobalSection
	GlobalSection(ExtensibilityGlobals) = postSolution
		SolutionGuid = {40DC43A9-0D25-4968-A389-17BAAC7F7E98}
	EndGlobalSection
EndGlobal
